// !$*UTF8*$!
{
	archiveVersion = 1;
	classes = {
	};
	objectVersion = 56;
	objects = {

/* Begin PBXBuildFile section */
		27EA92262C6214B800C1FC59 /* ScreenTimeDemoApp.swift in Sources */ = {isa = PBXBuildFile; fileRef = 27EA92252C6214B800C1FC59 /* ScreenTimeDemoApp.swift */; };
		27EA922A2C6214B900C1FC59 /* Assets.xcassets in Resources */ = {isa = PBXBuildFile; fileRef = 27EA92292C6214B900C1FC59 /* Assets.xcassets */; };
		27EA922D2C6214B900C1FC59 /* Preview Assets.xcassets in Resources */ = {isa = PBXBuildFile; fileRef = 27EA922C2C6214B900C1FC59 /* Preview Assets.xcassets */; };
		27EA92352C6217B500C1FC59 /* ShieldManager.swift in Sources */ = {isa = PBXBuildFile; fileRef = 27EA92342C6217B500C1FC59 /* ShieldManager.swift */; };
		27EA923F2C622B8000C1FC59 /* ManagedSettings.framework in Frameworks */ = {isa = PBXBuildFile; fileRef = 27EA923E2C622B8000C1FC59 /* ManagedSettings.framework */; };
		27EA92422C622B8000C1FC59 /* ShieldActionExtension.swift in Sources */ = {isa = PBXBuildFile; fileRef = 27EA92412C622B8000C1FC59 /* ShieldActionExtension.swift */; };
		27EA92472C622B8000C1FC59 /* ShieldAction.appex in Embed Foundation Extensions */ = {isa = PBXBuildFile; fileRef = 27EA923C2C622B8000C1FC59 /* ShieldAction.appex */; settings = {ATTRIBUTES = (RemoveHeadersOnCopy, ); }; };
		27EA92512C62311800C1FC59 /* ManagedSettings.framework in Frameworks */ = {isa = PBXBuildFile; fileRef = 27EA923E2C622B8000C1FC59 /* ManagedSettings.framework */; };
		27EA92532C62311800C1FC59 /* ManagedSettingsUI.framework in Frameworks */ = {isa = PBXBuildFile; fileRef = 27EA92522C62311800C1FC59 /* ManagedSettingsUI.framework */; };
		27EA92562C62311800C1FC59 /* ShieldConfigurationExtension.swift in Sources */ = {isa = PBXBuildFile; fileRef = 27EA92552C62311800C1FC59 /* ShieldConfigurationExtension.swift */; };
		27EA925B2C62311800C1FC59 /* ShieldConfiguration.appex in Embed Foundation Extensions */ = {isa = PBXBuildFile; fileRef = 27EA92502C62311800C1FC59 /* ShieldConfiguration.appex */; settings = {ATTRIBUTES = (RemoveHeadersOnCopy, ); }; };
		27EA92652C62321400C1FC59 /* DeviceActivity.framework in Frameworks */ = {isa = PBXBuildFile; fileRef = 27EA92642C62321400C1FC59 /* DeviceActivity.framework */; };
		27EA92682C62321400C1FC59 /* DeviceActivityMonitorExtension.swift in Sources */ = {isa = PBXBuildFile; fileRef = 27EA92672C62321400C1FC59 /* DeviceActivityMonitorExtension.swift */; };
		27EA926D2C62321400C1FC59 /* DeviceActivityMonitor.appex in Embed Foundation Extensions */ = {isa = PBXBuildFile; fileRef = 27EA92632C62321400C1FC59 /* DeviceActivityMonitor.appex */; settings = {ATTRIBUTES = (RemoveHeadersOnCopy, ); }; };
		27EA92732C6233D600C1FC59 /* ApplicationProfile.swift in Sources */ = {isa = PBXBuildFile; fileRef = 27EA92722C6233D600C1FC59 /* ApplicationProfile.swift */; };
		27EA92742C6233D600C1FC59 /* ApplicationProfile.swift in Sources */ = {isa = PBXBuildFile; fileRef = 27EA92722C6233D600C1FC59 /* ApplicationProfile.swift */; };
		27EA92762C6233EF00C1FC59 /* DataBase.swift in Sources */ = {isa = PBXBuildFile; fileRef = 27EA92752C6233EF00C1FC59 /* DataBase.swift */; };
		27EA92772C6233EF00C1FC59 /* DataBase.swift in Sources */ = {isa = PBXBuildFile; fileRef = 27EA92752C6233EF00C1FC59 /* DataBase.swift */; };
		27EA92792C63264000C1FC59 /* ApplicationProfile.swift in Sources */ = {isa = PBXBuildFile; fileRef = 27EA92722C6233D600C1FC59 /* ApplicationProfile.swift */; };
		27EA927A2C63264800C1FC59 /* DataBase.swift in Sources */ = {isa = PBXBuildFile; fileRef = 27EA92752C6233EF00C1FC59 /* DataBase.swift */; };
		27EA92972C64738A00C1FC59 /* DeviceActivityReportExtension.swift in Sources */ = {isa = PBXBuildFile; fileRef = 27EA92962C64738A00C1FC59 /* DeviceActivityReportExtension.swift */; };
		27EA92992C64738A00C1FC59 /* TotalActivityReport.swift in Sources */ = {isa = PBXBuildFile; fileRef = 27EA92982C64738A00C1FC59 /* TotalActivityReport.swift */; };
		27EA929B2C64738A00C1FC59 /* TotalActivityView.swift in Sources */ = {isa = PBXBuildFile; fileRef = 27EA929A2C64738A00C1FC59 /* TotalActivityView.swift */; };
		27EA92A02C64738A00C1FC59 /* DeviceActivityReportExtension.appex in Embed ExtensionKit Extensions */ = {isa = PBXBuildFile; fileRef = 27EA92942C64738A00C1FC59 /* DeviceActivityReportExtension.appex */; settings = {ATTRIBUTES = (RemoveHeadersOnCopy, ); }; };
		27EA92A62C64747300C1FC59 /* ContentView.swift in Sources */ = {isa = PBXBuildFile; fileRef = 27EA92A52C64747300C1FC59 /* ContentView.swift */; };
		27EA92A82C647FDE00C1FC59 /* AppDeviceActivity.swift in Sources */ = {isa = PBXBuildFile; fileRef = 27EA92A72C647FDE00C1FC59 /* AppDeviceActivity.swift */; };
		27EA92A92C647FE800C1FC59 /* AppDeviceActivity.swift in Sources */ = {isa = PBXBuildFile; fileRef = 27EA92A72C647FDE00C1FC59 /* AppDeviceActivity.swift */; };
/* End PBXBuildFile section */

/* Begin PBXContainerItemProxy section */
		27EA92452C622B8000C1FC59 /* PBXContainerItemProxy */ = {
			isa = PBXContainerItemProxy;
			containerPortal = 27EA921A2C6214B800C1FC59 /* Project object */;
			proxyType = 1;
			remoteGlobalIDString = 27EA923B2C622B8000C1FC59;
			remoteInfo = ShieldAction;
		};
		27EA92592C62311800C1FC59 /* PBXContainerItemProxy */ = {
			isa = PBXContainerItemProxy;
			containerPortal = 27EA921A2C6214B800C1FC59 /* Project object */;
			proxyType = 1;
			remoteGlobalIDString = 27EA924F2C62311800C1FC59;
			remoteInfo = ShieldConfiguration;
		};
		27EA926B2C62321400C1FC59 /* PBXContainerItemProxy */ = {
			isa = PBXContainerItemProxy;
			containerPortal = 27EA921A2C6214B800C1FC59 /* Project object */;
			proxyType = 1;
			remoteGlobalIDString = 27EA92622C62321400C1FC59;
			remoteInfo = DeviceActivityMonitor;
		};
		27EA929E2C64738A00C1FC59 /* PBXContainerItemProxy */ = {
			isa = PBXContainerItemProxy;
			containerPortal = 27EA921A2C6214B800C1FC59 /* Project object */;
			proxyType = 1;
			remoteGlobalIDString = 27EA92932C64738A00C1FC59;
			remoteInfo = DeviceActivityReportExtension;
		};
/* End PBXContainerItemProxy section */

/* Begin PBXCopyFilesBuildPhase section */
		27EA924B2C622B8000C1FC59 /* Embed Foundation Extensions */ = {
			isa = PBXCopyFilesBuildPhase;
			buildActionMask = 2147483647;
			dstPath = "";
			dstSubfolderSpec = 13;
			files = (
				27EA925B2C62311800C1FC59 /* ShieldConfiguration.appex in Embed Foundation Extensions */,
				27EA92472C622B8000C1FC59 /* ShieldAction.appex in Embed Foundation Extensions */,
				27EA926D2C62321400C1FC59 /* DeviceActivityMonitor.appex in Embed Foundation Extensions */,
			);
			name = "Embed Foundation Extensions";
			runOnlyForDeploymentPostprocessing = 0;
		};
		27EA92A12C64738A00C1FC59 /* Embed ExtensionKit Extensions */ = {
			isa = PBXCopyFilesBuildPhase;
			buildActionMask = 2147483647;
			dstPath = "$(EXTENSIONS_FOLDER_PATH)";
			dstSubfolderSpec = 16;
			files = (
				27EA92A02C64738A00C1FC59 /* DeviceActivityReportExtension.appex in Embed ExtensionKit Extensions */,
			);
			name = "Embed ExtensionKit Extensions";
			runOnlyForDeploymentPostprocessing = 0;
		};
/* End PBXCopyFilesBuildPhase section */

/* Begin PBXFileReference section */
		27EA92222C6214B800C1FC59 /* ScreenTimeDemo.app */ = {isa = PBXFileReference; explicitFileType = wrapper.application; includeInIndex = 0; path = ScreenTimeDemo.app; sourceTree = BUILT_PRODUCTS_DIR; };
		27EA92252C6214B800C1FC59 /* ScreenTimeDemoApp.swift */ = {isa = PBXFileReference; lastKnownFileType = sourcecode.swift; path = ScreenTimeDemoApp.swift; sourceTree = "<group>"; };
		27EA92292C6214B900C1FC59 /* Assets.xcassets */ = {isa = PBXFileReference; lastKnownFileType = folder.assetcatalog; path = Assets.xcassets; sourceTree = "<group>"; };
		27EA922C2C6214B900C1FC59 /* Preview Assets.xcassets */ = {isa = PBXFileReference; lastKnownFileType = folder.assetcatalog; path = "Preview Assets.xcassets"; sourceTree = "<group>"; };
		27EA92332C6216BE00C1FC59 /* ScreenTimeDemoDebug.entitlements */ = {isa = PBXFileReference; lastKnownFileType = text.plist.entitlements; path = ScreenTimeDemoDebug.entitlements; sourceTree = "<group>"; };
		27EA92342C6217B500C1FC59 /* ShieldManager.swift */ = {isa = PBXFileReference; lastKnownFileType = sourcecode.swift; path = ShieldManager.swift; sourceTree = "<group>"; };
		27EA923C2C622B8000C1FC59 /* ShieldAction.appex */ = {isa = PBXFileReference; explicitFileType = "wrapper.app-extension"; includeInIndex = 0; path = ShieldAction.appex; sourceTree = BUILT_PRODUCTS_DIR; };
		27EA923E2C622B8000C1FC59 /* ManagedSettings.framework */ = {isa = PBXFileReference; lastKnownFileType = wrapper.framework; name = ManagedSettings.framework; path = System/Library/Frameworks/ManagedSettings.framework; sourceTree = SDKROOT; };
		27EA92412C622B8000C1FC59 /* ShieldActionExtension.swift */ = {isa = PBXFileReference; lastKnownFileType = sourcecode.swift; path = ShieldActionExtension.swift; sourceTree = "<group>"; };
		27EA92432C622B8000C1FC59 /* Info.plist */ = {isa = PBXFileReference; lastKnownFileType = text.plist.xml; path = Info.plist; sourceTree = "<group>"; };
		27EA92442C622B8000C1FC59 /* ShieldAction.entitlements */ = {isa = PBXFileReference; lastKnownFileType = text.plist.entitlements; path = ShieldAction.entitlements; sourceTree = "<group>"; };
		27EA92502C62311800C1FC59 /* ShieldConfiguration.appex */ = {isa = PBXFileReference; explicitFileType = "wrapper.app-extension"; includeInIndex = 0; path = ShieldConfiguration.appex; sourceTree = BUILT_PRODUCTS_DIR; };
		27EA92522C62311800C1FC59 /* ManagedSettingsUI.framework */ = {isa = PBXFileReference; lastKnownFileType = wrapper.framework; name = ManagedSettingsUI.framework; path = System/Library/Frameworks/ManagedSettingsUI.framework; sourceTree = SDKROOT; };
		27EA92552C62311800C1FC59 /* ShieldConfigurationExtension.swift */ = {isa = PBXFileReference; lastKnownFileType = sourcecode.swift; path = ShieldConfigurationExtension.swift; sourceTree = "<group>"; };
		27EA92572C62311800C1FC59 /* Info.plist */ = {isa = PBXFileReference; lastKnownFileType = text.plist.xml; path = Info.plist; sourceTree = "<group>"; };
		27EA92582C62311800C1FC59 /* ShieldConfiguration.entitlements */ = {isa = PBXFileReference; lastKnownFileType = text.plist.entitlements; path = ShieldConfiguration.entitlements; sourceTree = "<group>"; };
		27EA92632C62321400C1FC59 /* DeviceActivityMonitor.appex */ = {isa = PBXFileReference; explicitFileType = "wrapper.app-extension"; includeInIndex = 0; path = DeviceActivityMonitor.appex; sourceTree = BUILT_PRODUCTS_DIR; };
		27EA92642C62321400C1FC59 /* DeviceActivity.framework */ = {isa = PBXFileReference; lastKnownFileType = wrapper.framework; name = DeviceActivity.framework; path = System/Library/Frameworks/DeviceActivity.framework; sourceTree = SDKROOT; };
		27EA92672C62321400C1FC59 /* DeviceActivityMonitorExtension.swift */ = {isa = PBXFileReference; lastKnownFileType = sourcecode.swift; path = DeviceActivityMonitorExtension.swift; sourceTree = "<group>"; };
		27EA92692C62321400C1FC59 /* Info.plist */ = {isa = PBXFileReference; lastKnownFileType = text.plist.xml; path = Info.plist; sourceTree = "<group>"; };
		27EA926A2C62321400C1FC59 /* DeviceActivityMonitor.entitlements */ = {isa = PBXFileReference; lastKnownFileType = text.plist.entitlements; path = DeviceActivityMonitor.entitlements; sourceTree = "<group>"; };
		27EA92712C6232DE00C1FC59 /* ShieldActionDebug.entitlements */ = {isa = PBXFileReference; lastKnownFileType = text.plist.entitlements; path = ShieldActionDebug.entitlements; sourceTree = "<group>"; };
		27EA92722C6233D600C1FC59 /* ApplicationProfile.swift */ = {isa = PBXFileReference; lastKnownFileType = sourcecode.swift; path = ApplicationProfile.swift; sourceTree = "<group>"; };
		27EA92752C6233EF00C1FC59 /* DataBase.swift */ = {isa = PBXFileReference; lastKnownFileType = sourcecode.swift; path = DataBase.swift; sourceTree = "<group>"; };
		27EA92942C64738A00C1FC59 /* DeviceActivityReportExtension.appex */ = {isa = PBXFileReference; explicitFileType = "wrapper.extensionkit-extension"; includeInIndex = 0; path = DeviceActivityReportExtension.appex; sourceTree = BUILT_PRODUCTS_DIR; };
		27EA92962C64738A00C1FC59 /* DeviceActivityReportExtension.swift */ = {isa = PBXFileReference; lastKnownFileType = sourcecode.swift; path = DeviceActivityReportExtension.swift; sourceTree = "<group>"; };
		27EA92982C64738A00C1FC59 /* TotalActivityReport.swift */ = {isa = PBXFileReference; lastKnownFileType = sourcecode.swift; path = TotalActivityReport.swift; sourceTree = "<group>"; };
		27EA929A2C64738A00C1FC59 /* TotalActivityView.swift */ = {isa = PBXFileReference; lastKnownFileType = sourcecode.swift; path = TotalActivityView.swift; sourceTree = "<group>"; };
		27EA929C2C64738A00C1FC59 /* Info.plist */ = {isa = PBXFileReference; lastKnownFileType = text.plist.xml; path = Info.plist; sourceTree = "<group>"; };
		27EA929D2C64738A00C1FC59 /* DeviceActivityReportExtension.entitlements */ = {isa = PBXFileReference; lastKnownFileType = text.plist.entitlements; path = DeviceActivityReportExtension.entitlements; sourceTree = "<group>"; };
		27EA92A52C64747300C1FC59 /* ContentView.swift */ = {isa = PBXFileReference; fileEncoding = 4; lastKnownFileType = sourcecode.swift; path = ContentView.swift; sourceTree = "<group>"; };
		27EA92A72C647FDE00C1FC59 /* AppDeviceActivity.swift */ = {isa = PBXFileReference; lastKnownFileType = sourcecode.swift; path = AppDeviceActivity.swift; sourceTree = "<group>"; };
/* End PBXFileReference section */

/* Begin PBXFrameworksBuildPhase section */
		27EA921F2C6214B800C1FC59 /* Frameworks */ = {
			isa = PBXFrameworksBuildPhase;
			buildActionMask = 2147483647;
			files = (
			);
			runOnlyForDeploymentPostprocessing = 0;
		};
		27EA92392C622B8000C1FC59 /* Frameworks */ = {
			isa = PBXFrameworksBuildPhase;
			buildActionMask = 2147483647;
			files = (
				27EA923F2C622B8000C1FC59 /* ManagedSettings.framework in Frameworks */,
			);
			runOnlyForDeploymentPostprocessing = 0;
		};
		27EA924D2C62311800C1FC59 /* Frameworks */ = {
			isa = PBXFrameworksBuildPhase;
			buildActionMask = 2147483647;
			files = (
				27EA92512C62311800C1FC59 /* ManagedSettings.framework in Frameworks */,
				27EA92532C62311800C1FC59 /* ManagedSettingsUI.framework in Frameworks */,
			);
			runOnlyForDeploymentPostprocessing = 0;
		};
		27EA92602C62321400C1FC59 /* Frameworks */ = {
			isa = PBXFrameworksBuildPhase;
			buildActionMask = 2147483647;
			files = (
				27EA92652C62321400C1FC59 /* DeviceActivity.framework in Frameworks */,
			);
			runOnlyForDeploymentPostprocessing = 0;
		};
		27EA92912C64738A00C1FC59 /* Frameworks */ = {
			isa = PBXFrameworksBuildPhase;
			buildActionMask = 2147483647;
			files = (
			);
			runOnlyForDeploymentPostprocessing = 0;
		};
/* End PBXFrameworksBuildPhase section */

/* Begin PBXGroup section */
		27EA92192C6214B800C1FC59 = {
			isa = PBXGroup;
			children = (
				27EA92A72C647FDE00C1FC59 /* AppDeviceActivity.swift */,
				27EA92752C6233EF00C1FC59 /* DataBase.swift */,
				27EA92722C6233D600C1FC59 /* ApplicationProfile.swift */,
				27EA92242C6214B800C1FC59 /* ScreenTimeDemo */,
				27EA92402C622B8000C1FC59 /* ShieldAction */,
				27EA92542C62311800C1FC59 /* ShieldConfiguration */,
				27EA92662C62321400C1FC59 /* DeviceActivityMonitor */,
				27EA92952C64738A00C1FC59 /* DeviceActivityReportExtension */,
				27EA923D2C622B8000C1FC59 /* Frameworks */,
				27EA92232C6214B800C1FC59 /* Products */,
			);
			sourceTree = "<group>";
		};
		27EA92232C6214B800C1FC59 /* Products */ = {
			isa = PBXGroup;
			children = (
				27EA92222C6214B800C1FC59 /* ScreenTimeDemo.app */,
				27EA923C2C622B8000C1FC59 /* ShieldAction.appex */,
				27EA92502C62311800C1FC59 /* ShieldConfiguration.appex */,
				27EA92632C62321400C1FC59 /* DeviceActivityMonitor.appex */,
				27EA92942C64738A00C1FC59 /* DeviceActivityReportExtension.appex */,
			);
			name = Products;
			sourceTree = "<group>";
		};
		27EA92242C6214B800C1FC59 /* ScreenTimeDemo */ = {
			isa = PBXGroup;
			children = (
				27EA92332C6216BE00C1FC59 /* ScreenTimeDemoDebug.entitlements */,
				27EA92252C6214B800C1FC59 /* ScreenTimeDemoApp.swift */,
				27EA92342C6217B500C1FC59 /* ShieldManager.swift */,
				27EA92A52C64747300C1FC59 /* ContentView.swift */,
				27EA92292C6214B900C1FC59 /* Assets.xcassets */,
				27EA922B2C6214B900C1FC59 /* Preview Content */,
			);
			path = ScreenTimeDemo;
			sourceTree = "<group>";
		};
		27EA922B2C6214B900C1FC59 /* Preview Content */ = {
			isa = PBXGroup;
			children = (
				27EA922C2C6214B900C1FC59 /* Preview Assets.xcassets */,
			);
			path = "Preview Content";
			sourceTree = "<group>";
		};
		27EA923D2C622B8000C1FC59 /* Frameworks */ = {
			isa = PBXGroup;
			children = (
				27EA923E2C622B8000C1FC59 /* ManagedSettings.framework */,
				27EA92522C62311800C1FC59 /* ManagedSettingsUI.framework */,
				27EA92642C62321400C1FC59 /* DeviceActivity.framework */,
			);
			name = Frameworks;
			sourceTree = "<group>";
		};
		27EA92402C622B8000C1FC59 /* ShieldAction */ = {
			isa = PBXGroup;
			children = (
				27EA92712C6232DE00C1FC59 /* ShieldActionDebug.entitlements */,
				27EA92412C622B8000C1FC59 /* ShieldActionExtension.swift */,
				27EA92432C622B8000C1FC59 /* Info.plist */,
				27EA92442C622B8000C1FC59 /* ShieldAction.entitlements */,
			);
			path = ShieldAction;
			sourceTree = "<group>";
		};
		27EA92542C62311800C1FC59 /* ShieldConfiguration */ = {
			isa = PBXGroup;
			children = (
				27EA92552C62311800C1FC59 /* ShieldConfigurationExtension.swift */,
				27EA92572C62311800C1FC59 /* Info.plist */,
				27EA92582C62311800C1FC59 /* ShieldConfiguration.entitlements */,
			);
			path = ShieldConfiguration;
			sourceTree = "<group>";
		};
		27EA92662C62321400C1FC59 /* DeviceActivityMonitor */ = {
			isa = PBXGroup;
			children = (
				27EA92672C62321400C1FC59 /* DeviceActivityMonitorExtension.swift */,
				27EA92692C62321400C1FC59 /* Info.plist */,
				27EA926A2C62321400C1FC59 /* DeviceActivityMonitor.entitlements */,
			);
			path = DeviceActivityMonitor;
			sourceTree = "<group>";
		};
		27EA92952C64738A00C1FC59 /* DeviceActivityReportExtension */ = {
			isa = PBXGroup;
			children = (
				27EA92962C64738A00C1FC59 /* DeviceActivityReportExtension.swift */,
				27EA92982C64738A00C1FC59 /* TotalActivityReport.swift */,
				27EA929A2C64738A00C1FC59 /* TotalActivityView.swift */,
				27EA929C2C64738A00C1FC59 /* Info.plist */,
				27EA929D2C64738A00C1FC59 /* DeviceActivityReportExtension.entitlements */,
			);
			path = DeviceActivityReportExtension;
			sourceTree = "<group>";
		};
/* End PBXGroup section */

/* Begin PBXNativeTarget section */
		27EA92212C6214B800C1FC59 /* ScreenTimeDemo */ = {
			isa = PBXNativeTarget;
			buildConfigurationList = 27EA92302C6214B900C1FC59 /* Build configuration list for PBXNativeTarget "ScreenTimeDemo" */;
			buildPhases = (
				27EA921E2C6214B800C1FC59 /* Sources */,
				27EA921F2C6214B800C1FC59 /* Frameworks */,
				27EA92202C6214B800C1FC59 /* Resources */,
				27EA924B2C622B8000C1FC59 /* Embed Foundation Extensions */,
				27EA92A12C64738A00C1FC59 /* Embed ExtensionKit Extensions */,
			);
			buildRules = (
			);
			dependencies = (
				27EA92462C622B8000C1FC59 /* PBXTargetDependency */,
				27EA925A2C62311800C1FC59 /* PBXTargetDependency */,
				27EA926C2C62321400C1FC59 /* PBXTargetDependency */,
				27EA929F2C64738A00C1FC59 /* PBXTargetDependency */,
			);
			name = ScreenTimeDemo;
			productName = ScreenTimeDemo;
			productReference = 27EA92222C6214B800C1FC59 /* ScreenTimeDemo.app */;
			productType = "com.apple.product-type.application";
		};
		27EA923B2C622B8000C1FC59 /* ShieldAction */ = {
			isa = PBXNativeTarget;
			buildConfigurationList = 27EA92482C622B8000C1FC59 /* Build configuration list for PBXNativeTarget "ShieldAction" */;
			buildPhases = (
				27EA92382C622B8000C1FC59 /* Sources */,
				27EA92392C622B8000C1FC59 /* Frameworks */,
				27EA923A2C622B8000C1FC59 /* Resources */,
			);
			buildRules = (
			);
			dependencies = (
			);
			name = ShieldAction;
			productName = ShieldAction;
			productReference = 27EA923C2C622B8000C1FC59 /* ShieldAction.appex */;
			productType = "com.apple.product-type.app-extension";
		};
		27EA924F2C62311800C1FC59 /* ShieldConfiguration */ = {
			isa = PBXNativeTarget;
			buildConfigurationList = 27EA925C2C62311800C1FC59 /* Build configuration list for PBXNativeTarget "ShieldConfiguration" */;
			buildPhases = (
				27EA924C2C62311800C1FC59 /* Sources */,
				27EA924D2C62311800C1FC59 /* Frameworks */,
				27EA924E2C62311800C1FC59 /* Resources */,
			);
			buildRules = (
			);
			dependencies = (
			);
			name = ShieldConfiguration;
			productName = ShieldConfiguration;
			productReference = 27EA92502C62311800C1FC59 /* ShieldConfiguration.appex */;
			productType = "com.apple.product-type.app-extension";
		};
		27EA92622C62321400C1FC59 /* DeviceActivityMonitor */ = {
			isa = PBXNativeTarget;
			buildConfigurationList = 27EA926E2C62321400C1FC59 /* Build configuration list for PBXNativeTarget "DeviceActivityMonitor" */;
			buildPhases = (
				27EA925F2C62321400C1FC59 /* Sources */,
				27EA92602C62321400C1FC59 /* Frameworks */,
				27EA92612C62321400C1FC59 /* Resources */,
			);
			buildRules = (
			);
			dependencies = (
			);
			name = DeviceActivityMonitor;
			productName = DeviceActivityMonitor;
			productReference = 27EA92632C62321400C1FC59 /* DeviceActivityMonitor.appex */;
			productType = "com.apple.product-type.app-extension";
		};
		27EA92932C64738A00C1FC59 /* DeviceActivityReportExtension */ = {
			isa = PBXNativeTarget;
			buildConfigurationList = 27EA92A42C64738A00C1FC59 /* Build configuration list for PBXNativeTarget "DeviceActivityReportExtension" */;
			buildPhases = (
				27EA92902C64738A00C1FC59 /* Sources */,
				27EA92912C64738A00C1FC59 /* Frameworks */,
				27EA92922C64738A00C1FC59 /* Resources */,
			);
			buildRules = (
			);
			dependencies = (
			);
			name = DeviceActivityReportExtension;
			productName = DeviceActivityReportExtension;
			productReference = 27EA92942C64738A00C1FC59 /* DeviceActivityReportExtension.appex */;
			productType = "com.apple.product-type.extensionkit-extension";
		};
/* End PBXNativeTarget section */

/* Begin PBXProject section */
		27EA921A2C6214B800C1FC59 /* Project object */ = {
			isa = PBXProject;
			attributes = {
				BuildIndependentTargetsInParallel = 1;
				LastSwiftUpdateCheck = 1530;
				LastUpgradeCheck = 1530;
				TargetAttributes = {
					27EA92212C6214B800C1FC59 = {
						CreatedOnToolsVersion = 15.3;
					};
					27EA923B2C622B8000C1FC59 = {
						CreatedOnToolsVersion = 15.3;
					};
					27EA924F2C62311800C1FC59 = {
						CreatedOnToolsVersion = 15.3;
					};
					27EA92622C62321400C1FC59 = {
						CreatedOnToolsVersion = 15.3;
					};
					27EA92932C64738A00C1FC59 = {
						CreatedOnToolsVersion = 15.3;
					};
				};
			};
			buildConfigurationList = 27EA921D2C6214B800C1FC59 /* Build configuration list for PBXProject "ScreenTimeDemo" */;
			compatibilityVersion = "Xcode 14.0";
			developmentRegion = en;
			hasScannedForEncodings = 0;
			knownRegions = (
				en,
				Base,
			);
			mainGroup = 27EA92192C6214B800C1FC59;
			productRefGroup = 27EA92232C6214B800C1FC59 /* Products */;
			projectDirPath = "";
			projectRoot = "";
			targets = (
				27EA92212C6214B800C1FC59 /* ScreenTimeDemo */,
				27EA923B2C622B8000C1FC59 /* ShieldAction */,
				27EA924F2C62311800C1FC59 /* ShieldConfiguration */,
				27EA92622C62321400C1FC59 /* DeviceActivityMonitor */,
				27EA92932C64738A00C1FC59 /* DeviceActivityReportExtension */,
			);
		};
/* End PBXProject section */

/* Begin PBXResourcesBuildPhase section */
		27EA92202C6214B800C1FC59 /* Resources */ = {
			isa = PBXResourcesBuildPhase;
			buildActionMask = 2147483647;
			files = (
				27EA922D2C6214B900C1FC59 /* Preview Assets.xcassets in Resources */,
				27EA922A2C6214B900C1FC59 /* Assets.xcassets in Resources */,
			);
			runOnlyForDeploymentPostprocessing = 0;
		};
		27EA923A2C622B8000C1FC59 /* Resources */ = {
			isa = PBXResourcesBuildPhase;
			buildActionMask = 2147483647;
			files = (
			);
			runOnlyForDeploymentPostprocessing = 0;
		};
		27EA924E2C62311800C1FC59 /* Resources */ = {
			isa = PBXResourcesBuildPhase;
			buildActionMask = 2147483647;
			files = (
			);
			runOnlyForDeploymentPostprocessing = 0;
		};
		27EA92612C62321400C1FC59 /* Resources */ = {
			isa = PBXResourcesBuildPhase;
			buildActionMask = 2147483647;
			files = (
			);
			runOnlyForDeploymentPostprocessing = 0;
		};
		27EA92922C64738A00C1FC59 /* Resources */ = {
			isa = PBXResourcesBuildPhase;
			buildActionMask = 2147483647;
			files = (
			);
			runOnlyForDeploymentPostprocessing = 0;
		};
/* End PBXResourcesBuildPhase section */

/* Begin PBXSourcesBuildPhase section */
		27EA921E2C6214B800C1FC59 /* Sources */ = {
			isa = PBXSourcesBuildPhase;
			buildActionMask = 2147483647;
			files = (
				27EA92A92C647FE800C1FC59 /* AppDeviceActivity.swift in Sources */,
				27EA927A2C63264800C1FC59 /* DataBase.swift in Sources */,
				27EA92A62C64747300C1FC59 /* ContentView.swift in Sources */,
				27EA92792C63264000C1FC59 /* ApplicationProfile.swift in Sources */,
				27EA92262C6214B800C1FC59 /* ScreenTimeDemoApp.swift in Sources */,
				27EA92352C6217B500C1FC59 /* ShieldManager.swift in Sources */,
			);
			runOnlyForDeploymentPostprocessing = 0;
		};
		27EA92382C622B8000C1FC59 /* Sources */ = {
			isa = PBXSourcesBuildPhase;
			buildActionMask = 2147483647;
			files = (
				27EA92732C6233D600C1FC59 /* ApplicationProfile.swift in Sources */,
				27EA92762C6233EF00C1FC59 /* DataBase.swift in Sources */,
				27EA92422C622B8000C1FC59 /* ShieldActionExtension.swift in Sources */,
			);
			runOnlyForDeploymentPostprocessing = 0;
		};
		27EA924C2C62311800C1FC59 /* Sources */ = {
			isa = PBXSourcesBuildPhase;
			buildActionMask = 2147483647;
			files = (
				27EA92562C62311800C1FC59 /* ShieldConfigurationExtension.swift in Sources */,
			);
			runOnlyForDeploymentPostprocessing = 0;
		};
		27EA925F2C62321400C1FC59 /* Sources */ = {
			isa = PBXSourcesBuildPhase;
			buildActionMask = 2147483647;
			files = (
				27EA92742C6233D600C1FC59 /* ApplicationProfile.swift in Sources */,
				27EA92772C6233EF00C1FC59 /* DataBase.swift in Sources */,
				27EA92682C62321400C1FC59 /* DeviceActivityMonitorExtension.swift in Sources */,
			);
			runOnlyForDeploymentPostprocessing = 0;
		};
		27EA92902C64738A00C1FC59 /* Sources */ = {
			isa = PBXSourcesBuildPhase;
			buildActionMask = 2147483647;
			files = (
				27EA92A82C647FDE00C1FC59 /* AppDeviceActivity.swift in Sources */,
				27EA929B2C64738A00C1FC59 /* TotalActivityView.swift in Sources */,
				27EA92972C64738A00C1FC59 /* DeviceActivityReportExtension.swift in Sources */,
				27EA92992C64738A00C1FC59 /* TotalActivityReport.swift in Sources */,
			);
			runOnlyForDeploymentPostprocessing = 0;
		};
/* End PBXSourcesBuildPhase section */

/* Begin PBXTargetDependency section */
		27EA92462C622B8000C1FC59 /* PBXTargetDependency */ = {
			isa = PBXTargetDependency;
			target = 27EA923B2C622B8000C1FC59 /* ShieldAction */;
			targetProxy = 27EA92452C622B8000C1FC59 /* PBXContainerItemProxy */;
		};
		27EA925A2C62311800C1FC59 /* PBXTargetDependency */ = {
			isa = PBXTargetDependency;
			target = 27EA924F2C62311800C1FC59 /* ShieldConfiguration */;
			targetProxy = 27EA92592C62311800C1FC59 /* PBXContainerItemProxy */;
		};
		27EA926C2C62321400C1FC59 /* PBXTargetDependency */ = {
			isa = PBXTargetDependency;
			target = 27EA92622C62321400C1FC59 /* DeviceActivityMonitor */;
			targetProxy = 27EA926B2C62321400C1FC59 /* PBXContainerItemProxy */;
		};
		27EA929F2C64738A00C1FC59 /* PBXTargetDependency */ = {
			isa = PBXTargetDependency;
			target = 27EA92932C64738A00C1FC59 /* DeviceActivityReportExtension */;
			targetProxy = 27EA929E2C64738A00C1FC59 /* PBXContainerItemProxy */;
		};
/* End PBXTargetDependency section */

/* Begin XCBuildConfiguration section */
		27EA922E2C6214B900C1FC59 /* Debug */ = {
			isa = XCBuildConfiguration;
			buildSettings = {
				ALWAYS_SEARCH_USER_PATHS = NO;
				ASSETCATALOG_COMPILER_GENERATE_SWIFT_ASSET_SYMBOL_EXTENSIONS = YES;
				CLANG_ANALYZER_NONNULL = YES;
				CLANG_ANALYZER_NUMBER_OBJECT_CONVERSION = YES_AGGRESSIVE;
				CLANG_CXX_LANGUAGE_STANDARD = "gnu++20";
				CLANG_ENABLE_MODULES = YES;
				CLANG_ENABLE_OBJC_ARC = YES;
				CLANG_ENABLE_OBJC_WEAK = YES;
				CLANG_WARN_BLOCK_CAPTURE_AUTORELEASING = YES;
				CLANG_WARN_BOOL_CONVERSION = YES;
				CLANG_WARN_COMMA = YES;
				CLANG_WARN_CONSTANT_CONVERSION = YES;
				CLANG_WARN_DEPRECATED_OBJC_IMPLEMENTATIONS = YES;
				CLANG_WARN_DIRECT_OBJC_ISA_USAGE = YES_ERROR;
				CLANG_WARN_DOCUMENTATION_COMMENTS = YES;
				CLANG_WARN_EMPTY_BODY = YES;
				CLANG_WARN_ENUM_CONVERSION = YES;
				CLANG_WARN_INFINITE_RECURSION = YES;
				CLANG_WARN_INT_CONVERSION = YES;
				CLANG_WARN_NON_LITERAL_NULL_CONVERSION = YES;
				CLANG_WARN_OBJC_IMPLICIT_RETAIN_SELF = YES;
				CLANG_WARN_OBJC_LITERAL_CONVERSION = YES;
				CLANG_WARN_OBJC_ROOT_CLASS = YES_ERROR;
				CLANG_WARN_QUOTED_INCLUDE_IN_FRAMEWORK_HEADER = YES;
				CLANG_WARN_RANGE_LOOP_ANALYSIS = YES;
				CLANG_WARN_STRICT_PROTOTYPES = YES;
				CLANG_WARN_SUSPICIOUS_MOVE = YES;
				CLANG_WARN_UNGUARDED_AVAILABILITY = YES_AGGRESSIVE;
				CLANG_WARN_UNREACHABLE_CODE = YES;
				CLANG_WARN__DUPLICATE_METHOD_MATCH = YES;
				COPY_PHASE_STRIP = NO;
				DEBUG_INFORMATION_FORMAT = dwarf;
				ENABLE_STRICT_OBJC_MSGSEND = YES;
				ENABLE_TESTABILITY = YES;
				ENABLE_USER_SCRIPT_SANDBOXING = YES;
				GCC_C_LANGUAGE_STANDARD = gnu17;
				GCC_DYNAMIC_NO_PIC = NO;
				GCC_NO_COMMON_BLOCKS = YES;
				GCC_OPTIMIZATION_LEVEL = 0;
				GCC_PREPROCESSOR_DEFINITIONS = (
					"DEBUG=1",
					"$(inherited)",
				);
				GCC_WARN_64_TO_32_BIT_CONVERSION = YES;
				GCC_WARN_ABOUT_RETURN_TYPE = YES_ERROR;
				GCC_WARN_UNDECLARED_SELECTOR = YES;
				GCC_WARN_UNINITIALIZED_AUTOS = YES_AGGRESSIVE;
				GCC_WARN_UNUSED_FUNCTION = YES;
				GCC_WARN_UNUSED_VARIABLE = YES;
				IPHONEOS_DEPLOYMENT_TARGET = 17.4;
				LOCALIZATION_PREFERS_STRING_CATALOGS = YES;
				MTL_ENABLE_DEBUG_INFO = INCLUDE_SOURCE;
				MTL_FAST_MATH = YES;
				ONLY_ACTIVE_ARCH = YES;
				SDKROOT = iphoneos;
				SWIFT_ACTIVE_COMPILATION_CONDITIONS = "DEBUG $(inherited)";
				SWIFT_OPTIMIZATION_LEVEL = "-Onone";
			};
			name = Debug;
		};
		27EA922F2C6214B900C1FC59 /* Release */ = {
			isa = XCBuildConfiguration;
			buildSettings = {
				ALWAYS_SEARCH_USER_PATHS = NO;
				ASSETCATALOG_COMPILER_GENERATE_SWIFT_ASSET_SYMBOL_EXTENSIONS = YES;
				CLANG_ANALYZER_NONNULL = YES;
				CLANG_ANALYZER_NUMBER_OBJECT_CONVERSION = YES_AGGRESSIVE;
				CLANG_CXX_LANGUAGE_STANDARD = "gnu++20";
				CLANG_ENABLE_MODULES = YES;
				CLANG_ENABLE_OBJC_ARC = YES;
				CLANG_ENABLE_OBJC_WEAK = YES;
				CLANG_WARN_BLOCK_CAPTURE_AUTORELEASING = YES;
				CLANG_WARN_BOOL_CONVERSION = YES;
				CLANG_WARN_COMMA = YES;
				CLANG_WARN_CONSTANT_CONVERSION = YES;
				CLANG_WARN_DEPRECATED_OBJC_IMPLEMENTATIONS = YES;
				CLANG_WARN_DIRECT_OBJC_ISA_USAGE = YES_ERROR;
				CLANG_WARN_DOCUMENTATION_COMMENTS = YES;
				CLANG_WARN_EMPTY_BODY = YES;
				CLANG_WARN_ENUM_CONVERSION = YES;
				CLANG_WARN_INFINITE_RECURSION = YES;
				CLANG_WARN_INT_CONVERSION = YES;
				CLANG_WARN_NON_LITERAL_NULL_CONVERSION = YES;
				CLANG_WARN_OBJC_IMPLICIT_RETAIN_SELF = YES;
				CLANG_WARN_OBJC_LITERAL_CONVERSION = YES;
				CLANG_WARN_OBJC_ROOT_CLASS = YES_ERROR;
				CLANG_WARN_QUOTED_INCLUDE_IN_FRAMEWORK_HEADER = YES;
				CLANG_WARN_RANGE_LOOP_ANALYSIS = YES;
				CLANG_WARN_STRICT_PROTOTYPES = YES;
				CLANG_WARN_SUSPICIOUS_MOVE = YES;
				CLANG_WARN_UNGUARDED_AVAILABILITY = YES_AGGRESSIVE;
				CLANG_WARN_UNREACHABLE_CODE = YES;
				CLANG_WARN__DUPLICATE_METHOD_MATCH = YES;
				COPY_PHASE_STRIP = NO;
				DEBUG_INFORMATION_FORMAT = "dwarf-with-dsym";
				ENABLE_NS_ASSERTIONS = NO;
				ENABLE_STRICT_OBJC_MSGSEND = YES;
				ENABLE_USER_SCRIPT_SANDBOXING = YES;
				GCC_C_LANGUAGE_STANDARD = gnu17;
				GCC_NO_COMMON_BLOCKS = YES;
				GCC_WARN_64_TO_32_BIT_CONVERSION = YES;
				GCC_WARN_ABOUT_RETURN_TYPE = YES_ERROR;
				GCC_WARN_UNDECLARED_SELECTOR = YES;
				GCC_WARN_UNINITIALIZED_AUTOS = YES_AGGRESSIVE;
				GCC_WARN_UNUSED_FUNCTION = YES;
				GCC_WARN_UNUSED_VARIABLE = YES;
				IPHONEOS_DEPLOYMENT_TARGET = 17.4;
				LOCALIZATION_PREFERS_STRING_CATALOGS = YES;
				MTL_ENABLE_DEBUG_INFO = NO;
				MTL_FAST_MATH = YES;
				SDKROOT = iphoneos;
				SWIFT_COMPILATION_MODE = wholemodule;
				VALIDATE_PRODUCT = YES;
			};
			name = Release;
		};
		27EA92312C6214B900C1FC59 /* Debug */ = {
			isa = XCBuildConfiguration;
			buildSettings = {
				ALWAYS_EMBED_SWIFT_STANDARD_LIBRARIES = YES;
				ASSETCATALOG_COMPILER_APPICON_NAME = AppIcon;
				ASSETCATALOG_COMPILER_GLOBAL_ACCENT_COLOR_NAME = AccentColor;
				CODE_SIGN_ENTITLEMENTS = ScreenTimeDemo/ScreenTimeDemoDebug.entitlements;
				"CODE_SIGN_IDENTITY[sdk=iphoneos*]" = "iPhone Developer";
				CODE_SIGN_STYLE = Manual;
				CURRENT_PROJECT_VERSION = 1;
				DEVELOPMENT_ASSET_PATHS = "\"ScreenTimeDemo/Preview Content\"";
				DEVELOPMENT_TEAM = "";
				"DEVELOPMENT_TEAM[sdk=iphoneos*]" = 9AK576J4RE;
				ENABLE_PREVIEWS = YES;
				GENERATE_INFOPLIST_FILE = YES;
				INFOPLIST_KEY_UIApplicationSceneManifest_Generation = YES;
				INFOPLIST_KEY_UIApplicationSupportsIndirectInputEvents = YES;
				INFOPLIST_KEY_UILaunchScreen_Generation = YES;
				INFOPLIST_KEY_UISupportedInterfaceOrientations_iPad = "UIInterfaceOrientationPortrait UIInterfaceOrientationPortraitUpsideDown UIInterfaceOrientationLandscapeLeft UIInterfaceOrientationLandscapeRight";
				INFOPLIST_KEY_UISupportedInterfaceOrientations_iPhone = "UIInterfaceOrientationPortrait UIInterfaceOrientationLandscapeLeft UIInterfaceOrientationLandscapeRight";
				IPHONEOS_DEPLOYMENT_TARGET = 16.0;
				LD_RUNPATH_SEARCH_PATHS = (
					"$(inherited)",
					"@executable_path/Frameworks",
				);
				MARKETING_VERSION = 1.0;
				PRODUCT_BUNDLE_IDENTIFIER = com.vn.vnpt.ScreenTimeDemo;
				PRODUCT_NAME = "$(TARGET_NAME)";
				PROVISIONING_PROFILE_SPECIFIER = "";
				"PROVISIONING_PROFILE_SPECIFIER[sdk=iphoneos*]" = "VnptChienNVSceenTimeDemo Dev";
				SWIFT_EMIT_LOC_STRINGS = YES;
				SWIFT_VERSION = 5.0;
				TARGETED_DEVICE_FAMILY = "1,2";
			};
			name = Debug;
		};
		27EA92322C6214B900C1FC59 /* Release */ = {
			isa = XCBuildConfiguration;
			buildSettings = {
				ALWAYS_EMBED_SWIFT_STANDARD_LIBRARIES = YES;
				ASSETCATALOG_COMPILER_APPICON_NAME = AppIcon;
				ASSETCATALOG_COMPILER_GLOBAL_ACCENT_COLOR_NAME = AccentColor;
				CODE_SIGN_STYLE = Manual;
				CURRENT_PROJECT_VERSION = 1;
				DEVELOPMENT_ASSET_PATHS = "\"ScreenTimeDemo/Preview Content\"";
				DEVELOPMENT_TEAM = "";
				ENABLE_PREVIEWS = YES;
				GENERATE_INFOPLIST_FILE = YES;
				INFOPLIST_KEY_UIApplicationSceneManifest_Generation = YES;
				INFOPLIST_KEY_UIApplicationSupportsIndirectInputEvents = YES;
				INFOPLIST_KEY_UILaunchScreen_Generation = YES;
				INFOPLIST_KEY_UISupportedInterfaceOrientations_iPad = "UIInterfaceOrientationPortrait UIInterfaceOrientationPortraitUpsideDown UIInterfaceOrientationLandscapeLeft UIInterfaceOrientationLandscapeRight";
				INFOPLIST_KEY_UISupportedInterfaceOrientations_iPhone = "UIInterfaceOrientationPortrait UIInterfaceOrientationLandscapeLeft UIInterfaceOrientationLandscapeRight";
				IPHONEOS_DEPLOYMENT_TARGET = 16.0;
				LD_RUNPATH_SEARCH_PATHS = (
					"$(inherited)",
					"@executable_path/Frameworks",
				);
				MARKETING_VERSION = 1.0;
				PRODUCT_BUNDLE_IDENTIFIER = com.vn.vnpt.ScreenTimeDemo;
				PRODUCT_NAME = "$(TARGET_NAME)";
				PROVISIONING_PROFILE_SPECIFIER = "";
				SWIFT_EMIT_LOC_STRINGS = YES;
				SWIFT_VERSION = 5.0;
				TARGETED_DEVICE_FAMILY = "1,2";
			};
			name = Release;
		};
		27EA92492C622B8000C1FC59 /* Debug */ = {
			isa = XCBuildConfiguration;
			buildSettings = {
				CODE_SIGN_ENTITLEMENTS = ShieldAction/ShieldActionDebug.entitlements;
				"CODE_SIGN_IDENTITY[sdk=iphoneos*]" = "iPhone Developer";
				CODE_SIGN_STYLE = Manual;
				CURRENT_PROJECT_VERSION = 1;
				DEVELOPMENT_TEAM = "";
				"DEVELOPMENT_TEAM[sdk=iphoneos*]" = 9AK576J4RE;
				GENERATE_INFOPLIST_FILE = YES;
				INFOPLIST_FILE = ShieldAction/Info.plist;
				INFOPLIST_KEY_CFBundleDisplayName = ShieldAction;
				INFOPLIST_KEY_NSHumanReadableCopyright = "";
				IPHONEOS_DEPLOYMENT_TARGET = 16.0;
				LD_RUNPATH_SEARCH_PATHS = (
					"$(inherited)",
					"@executable_path/Frameworks",
					"@executable_path/../../Frameworks",
				);
				MARKETING_VERSION = 1.0;
				PRODUCT_BUNDLE_IDENTIFIER = com.vn.vnpt.ScreenTimeDemo.ShieldAction;
				PRODUCT_NAME = "$(TARGET_NAME)";
				PROVISIONING_PROFILE_SPECIFIER = "";
				"PROVISIONING_PROFILE_SPECIFIER[sdk=iphoneos*]" = "vnptChienNVScreenTimeDemo ShieldAction Dev";
				SKIP_INSTALL = YES;
				SWIFT_EMIT_LOC_STRINGS = YES;
				SWIFT_VERSION = 5.0;
				TARGETED_DEVICE_FAMILY = "1,2";
			};
			name = Debug;
		};
		27EA924A2C622B8000C1FC59 /* Release */ = {
			isa = XCBuildConfiguration;
			buildSettings = {
				CODE_SIGN_ENTITLEMENTS = ShieldAction/ShieldAction.entitlements;
				CODE_SIGN_STYLE = Automatic;
				CURRENT_PROJECT_VERSION = 1;
				DEVELOPMENT_TEAM = "";
				GENERATE_INFOPLIST_FILE = YES;
				INFOPLIST_FILE = ShieldAction/Info.plist;
				INFOPLIST_KEY_CFBundleDisplayName = ShieldAction;
				INFOPLIST_KEY_NSHumanReadableCopyright = "";
				IPHONEOS_DEPLOYMENT_TARGET = 16.0;
				LD_RUNPATH_SEARCH_PATHS = (
					"$(inherited)",
					"@executable_path/Frameworks",
					"@executable_path/../../Frameworks",
				);
				MARKETING_VERSION = 1.0;
				PRODUCT_BUNDLE_IDENTIFIER = com.vn.vnpt.ScreenTimeDemo.ShieldAction;
				PRODUCT_NAME = "$(TARGET_NAME)";
				SKIP_INSTALL = YES;
				SWIFT_EMIT_LOC_STRINGS = YES;
				SWIFT_VERSION = 5.0;
				TARGETED_DEVICE_FAMILY = "1,2";
			};
			name = Release;
		};
		27EA925D2C62311800C1FC59 /* Debug */ = {
			isa = XCBuildConfiguration;
			buildSettings = {
				CODE_SIGN_ENTITLEMENTS = ShieldConfiguration/ShieldConfiguration.entitlements;
				"CODE_SIGN_IDENTITY[sdk=iphoneos*]" = "iPhone Developer";
				CODE_SIGN_STYLE = Manual;
				CURRENT_PROJECT_VERSION = 1;
				DEVELOPMENT_TEAM = "";
				"DEVELOPMENT_TEAM[sdk=iphoneos*]" = 9AK576J4RE;
				GENERATE_INFOPLIST_FILE = YES;
				INFOPLIST_FILE = ShieldConfiguration/Info.plist;
				INFOPLIST_KEY_CFBundleDisplayName = ShieldConfiguration;
				INFOPLIST_KEY_NSHumanReadableCopyright = "";
				IPHONEOS_DEPLOYMENT_TARGET = 16.0;
				LD_RUNPATH_SEARCH_PATHS = (
					"$(inherited)",
					"@executable_path/Frameworks",
					"@executable_path/../../Frameworks",
				);
				MARKETING_VERSION = 1.0;
				PRODUCT_BUNDLE_IDENTIFIER = com.vn.vnpt.ScreenTimeDemo.ShieldConfiguration;
				PRODUCT_NAME = "$(TARGET_NAME)";
				PROVISIONING_PROFILE_SPECIFIER = "";
				"PROVISIONING_PROFILE_SPECIFIER[sdk=iphoneos*]" = "vnptChienNVScreenTimeDemoShieldConfiguration Dev";
				SKIP_INSTALL = YES;
				SWIFT_EMIT_LOC_STRINGS = YES;
				SWIFT_VERSION = 5.0;
				TARGETED_DEVICE_FAMILY = "1,2";
			};
			name = Debug;
		};
		27EA925E2C62311800C1FC59 /* Release */ = {
			isa = XCBuildConfiguration;
			buildSettings = {
				CODE_SIGN_ENTITLEMENTS = ShieldConfiguration/ShieldConfiguration.entitlements;
				CODE_SIGN_STYLE = Automatic;
				CURRENT_PROJECT_VERSION = 1;
				DEVELOPMENT_TEAM = "";
				GENERATE_INFOPLIST_FILE = YES;
				INFOPLIST_FILE = ShieldConfiguration/Info.plist;
				INFOPLIST_KEY_CFBundleDisplayName = ShieldConfiguration;
				INFOPLIST_KEY_NSHumanReadableCopyright = "";
				IPHONEOS_DEPLOYMENT_TARGET = 16.0;
				LD_RUNPATH_SEARCH_PATHS = (
					"$(inherited)",
					"@executable_path/Frameworks",
					"@executable_path/../../Frameworks",
				);
				MARKETING_VERSION = 1.0;
				PRODUCT_BUNDLE_IDENTIFIER = com.vn.vnpt.ScreenTimeDemo.ShieldConfiguration;
				PRODUCT_NAME = "$(TARGET_NAME)";
				SKIP_INSTALL = YES;
				SWIFT_EMIT_LOC_STRINGS = YES;
				SWIFT_VERSION = 5.0;
				TARGETED_DEVICE_FAMILY = "1,2";
			};
			name = Release;
		};
		27EA926F2C62321400C1FC59 /* Debug */ = {
			isa = XCBuildConfiguration;
			buildSettings = {
				CODE_SIGN_ENTITLEMENTS = DeviceActivityMonitor/DeviceActivityMonitor.entitlements;
				"CODE_SIGN_IDENTITY[sdk=iphoneos*]" = "iPhone Developer";
				CODE_SIGN_STYLE = Manual;
				CURRENT_PROJECT_VERSION = 1;
				DEVELOPMENT_TEAM = "";
				"DEVELOPMENT_TEAM[sdk=iphoneos*]" = 9AK576J4RE;
				GENERATE_INFOPLIST_FILE = YES;
				INFOPLIST_FILE = DeviceActivityMonitor/Info.plist;
				INFOPLIST_KEY_CFBundleDisplayName = DeviceActivityMonitor;
				INFOPLIST_KEY_NSHumanReadableCopyright = "";
				IPHONEOS_DEPLOYMENT_TARGET = 16.0;
				LD_RUNPATH_SEARCH_PATHS = (
					"$(inherited)",
					"@executable_path/Frameworks",
					"@executable_path/../../Frameworks",
				);
				MARKETING_VERSION = 1.0;
				PRODUCT_BUNDLE_IDENTIFIER = com.vn.vnpt.ScreenTimeDemo.DeviceActivityMonitor;
				PRODUCT_NAME = "$(TARGET_NAME)";
				PROVISIONING_PROFILE_SPECIFIER = "";
				"PROVISIONING_PROFILE_SPECIFIER[sdk=iphoneos*]" = "vnptChienNVScreenTimeDemoDeviceActivityMonitor Dev";
				SKIP_INSTALL = YES;
				SWIFT_EMIT_LOC_STRINGS = YES;
				SWIFT_VERSION = 5.0;
				TARGETED_DEVICE_FAMILY = "1,2";
			};
			name = Debug;
		};
		27EA92702C62321400C1FC59 /* Release */ = {
			isa = XCBuildConfiguration;
			buildSettings = {
				CODE_SIGN_ENTITLEMENTS = DeviceActivityMonitor/DeviceActivityMonitor.entitlements;
				CODE_SIGN_STYLE = Automatic;
				CURRENT_PROJECT_VERSION = 1;
				DEVELOPMENT_TEAM = "";
				GENERATE_INFOPLIST_FILE = YES;
				INFOPLIST_FILE = DeviceActivityMonitor/Info.plist;
				INFOPLIST_KEY_CFBundleDisplayName = DeviceActivityMonitor;
				INFOPLIST_KEY_NSHumanReadableCopyright = "";
				IPHONEOS_DEPLOYMENT_TARGET = 16.0;
				LD_RUNPATH_SEARCH_PATHS = (
					"$(inherited)",
					"@executable_path/Frameworks",
					"@executable_path/../../Frameworks",
				);
				MARKETING_VERSION = 1.0;
				PRODUCT_BUNDLE_IDENTIFIER = com.vn.vnpt.ScreenTimeDemo.DeviceActivityMonitor;
				PRODUCT_NAME = "$(TARGET_NAME)";
				SKIP_INSTALL = YES;
				SWIFT_EMIT_LOC_STRINGS = YES;
				SWIFT_VERSION = 5.0;
				TARGETED_DEVICE_FAMILY = "1,2";
			};
			name = Release;
		};
		27EA92A22C64738A00C1FC59 /* Debug */ = {
			isa = XCBuildConfiguration;
			buildSettings = {
				CODE_SIGN_ENTITLEMENTS = DeviceActivityReportExtension/DeviceActivityReportExtension.entitlements;
				"CODE_SIGN_IDENTITY[sdk=iphoneos*]" = "iPhone Developer";
				CODE_SIGN_STYLE = Manual;
				CURRENT_PROJECT_VERSION = 1;
				DEVELOPMENT_TEAM = "";
				"DEVELOPMENT_TEAM[sdk=iphoneos*]" = 9AK576J4RE;
				GENERATE_INFOPLIST_FILE = YES;
				INFOPLIST_FILE = DeviceActivityReportExtension/Info.plist;
				INFOPLIST_KEY_CFBundleDisplayName = DeviceActivityReportExtension;
				INFOPLIST_KEY_NSHumanReadableCopyright = "";
				IPHONEOS_DEPLOYMENT_TARGET = 16.0;
				LD_RUNPATH_SEARCH_PATHS = (
					"$(inherited)",
					"@executable_path/Frameworks",
					"@executable_path/../../Frameworks",
				);
				MARKETING_VERSION = 1.0;
				PRODUCT_BUNDLE_IDENTIFIER = com.vn.vnpt.ScreenTimeDemo.DeviceActivityReportExtension;
				PRODUCT_NAME = "$(TARGET_NAME)";
				PROVISIONING_PROFILE_SPECIFIER = "";
				"PROVISIONING_PROFILE_SPECIFIER[sdk=iphoneos*]" = "vnptChienNVScreenTimeDemoDeviceActivityReport Dev";
				SKIP_INSTALL = YES;
				SWIFT_EMIT_LOC_STRINGS = YES;
				SWIFT_VERSION = 5.0;
				TARGETED_DEVICE_FAMILY = "1,2";
			};
			name = Debug;
		};
		27EA92A32C64738A00C1FC59 /* Release */ = {
			isa = XCBuildConfiguration;
			buildSettings = {
				CODE_SIGN_ENTITLEMENTS = DeviceActivityReportExtension/DeviceActivityReportExtension.entitlements;
				CODE_SIGN_STYLE = Automatic;
				CURRENT_PROJECT_VERSION = 1;
				DEVELOPMENT_TEAM = "";
				GENERATE_INFOPLIST_FILE = YES;
				INFOPLIST_FILE = DeviceActivityReportExtension/Info.plist;
				INFOPLIST_KEY_CFBundleDisplayName = DeviceActivityReportExtension;
				INFOPLIST_KEY_NSHumanReadableCopyright = "";
				IPHONEOS_DEPLOYMENT_TARGET = 16.0;
				LD_RUNPATH_SEARCH_PATHS = (
					"$(inherited)",
					"@executable_path/Frameworks",
					"@executable_path/../../Frameworks",
				);
				MARKETING_VERSION = 1.0;
				PRODUCT_BUNDLE_IDENTIFIER = com.vn.vnpt.ScreenTimeDemo.DeviceActivityReportExtension;
				PRODUCT_NAME = "$(TARGET_NAME)";
				SKIP_INSTALL = YES;
				SWIFT_EMIT_LOC_STRINGS = YES;
				SWIFT_VERSION = 5.0;
				TARGETED_DEVICE_FAMILY = "1,2";
			};
			name = Release;
		};
/* End XCBuildConfiguration section */

/* Begin XCConfigurationList section */
		27EA921D2C6214B800C1FC59 /* Build configuration list for PBXProject "ScreenTimeDemo" */ = {
			isa = XCConfigurationList;
			buildConfigurations = (
				27EA922E2C6214B900C1FC59 /* Debug */,
				27EA922F2C6214B900C1FC59 /* Release */,
			);
			defaultConfigurationIsVisible = 0;
			defaultConfigurationName = Release;
		};
		27EA92302C6214B900C1FC59 /* Build configuration list for PBXNativeTarget "ScreenTimeDemo" */ = {
			isa = XCConfigurationList;
			buildConfigurations = (
				27EA92312C6214B900C1FC59 /* Debug */,
				27EA92322C6214B900C1FC59 /* Release */,
			);
			defaultConfigurationIsVisible = 0;
			defaultConfigurationName = Release;
		};
		27EA92482C622B8000C1FC59 /* Build configuration list for PBXNativeTarget "ShieldAction" */ = {
			isa = XCConfigurationList;
			buildConfigurations = (
				27EA92492C622B8000C1FC59 /* Debug */,
				27EA924A2C622B8000C1FC59 /* Release */,
			);
			defaultConfigurationIsVisible = 0;
			defaultConfigurationName = Release;
		};
		27EA925C2C62311800C1FC59 /* Build configuration list for PBXNativeTarget "ShieldConfiguration" */ = {
			isa = XCConfigurationList;
			buildConfigurations = (
				27EA925D2C62311800C1FC59 /* Debug */,
				27EA925E2C62311800C1FC59 /* Release */,
			);
			defaultConfigurationIsVisible = 0;
			defaultConfigurationName = Release;
		};
		27EA926E2C62321400C1FC59 /* Build configuration list for PBXNativeTarget "DeviceActivityMonitor" */ = {
			isa = XCConfigurationList;
			buildConfigurations = (
				27EA926F2C62321400C1FC59 /* Debug */,
				27EA92702C62321400C1FC59 /* Release */,
			);
			defaultConfigurationIsVisible = 0;
			defaultConfigurationName = Release;
		};
		27EA92A42C64738A00C1FC59 /* Build configuration list for PBXNativeTarget "DeviceActivityReportExtension" */ = {
			isa = XCConfigurationList;
			buildConfigurations = (
				27EA92A22C64738A00C1FC59 /* Debug */,
				27EA92A32C64738A00C1FC59 /* Release */,
			);
			defaultConfigurationIsVisible = 0;
			defaultConfigurationName = Release;
		};
/* End XCConfigurationList section */
	};
	rootObject = 27EA921A2C6214B800C1FC59 /* Project object */;
}
